
Microsoft Visual Studio Solution File, Format Version 12.00
# Visual Studio 14
VisualStudioVersion = 14.0.25420.1
MinimumVisualStudioVersion = 10.0.40219.1
Project("{FAE04EC0-301F-11D3-BF4B-00C04F79EFBC}") = "Frame", "Frame\Frame.csproj", "{E14A6692-18A6-43CD-838A-5058AC77E6B5}"
EndProject
Project("{FAE04EC0-301F-11D3-BF4B-00C04F79EFBC}") = "RequestAPI", "Request\RequestAPI.csproj", "{BC9B1DD2-8FCA-4D03-B74A-7C8EFBA6AF0F}"
EndProject
Project("{FAE04EC0-301F-11D3-BF4B-00C04F79EFBC}") = "FrameWPF", "FrameWPF\FrameWPF.csproj", "{CC47762D-8051-4BC9-8493-57FF3237CDE3}"
EndProject
Project("{FAE04EC0-301F-11D3-BF4B-00C04F79EFBC}") = "Utility", "Utility\Utility.csproj", "{45D9DE29-A5AC-4A4A-A553-DAAC540F7B18}"
EndProject
Project("{930C7802-8A8C-48F9-8165-68863BCCD9DD}") = "INSTALLER", "INSTALLER\INSTALLER.wixproj", "{AF849A09-2061-46B5-A4A2-153B3BF2EB5B}"
EndProject
Global
	GlobalSection(SolutionConfigurationPlatforms) = preSolution
		Debug|Any CPU = Debug|Any CPU
		Debug|x86 = Debug|x86
		Release|Any CPU = Release|Any CPU
		Release|x86 = Release|x86
	EndGlobalSection
	GlobalSection(ProjectConfigurationPlatforms) = postSolution
		{E14A6692-18A6-43CD-838A-5058AC77E6B5}.Debug|Any CPU.ActiveCfg = Debug|Any CPU
		{E14A6692-18A6-43CD-838A-5058AC77E6B5}.Debug|Any CPU.Build.0 = Debug|Any CPU
		{E14A6692-18A6-43CD-838A-5058AC77E6B5}.Debug|x86.ActiveCfg = Debug|Any CPU
		{E14A6692-18A6-43CD-838A-5058AC77E6B5}.Debug|x86.Build.0 = Debug|Any CPU
		{E14A6692-18A6-43CD-838A-5058AC77E6B5}.Release|Any CPU.ActiveCfg = Release|Any CPU
		{E14A6692-18A6-43CD-838A-5058AC77E6B5}.Release|Any CPU.Build.0 = Release|Any CPU
		{E14A6692-18A6-43CD-838A-5058AC77E6B5}.Release|x86.ActiveCfg = Release|Any CPU
		{E14A6692-18A6-43CD-838A-5058AC77E6B5}.Release|x86.Build.0 = Release|Any CPU
		{BC9B1DD2-8FCA-4D03-B74A-7C8EFBA6AF0F}.Debug|Any CPU.ActiveCfg = Debug|Any CPU
		{BC9B1DD2-8FCA-4D03-B74A-7C8EFBA6AF0F}.Debug|Any CPU.Build.0 = Debug|Any CPU
		{BC9B1DD2-8FCA-4D03-B74A-7C8EFBA6AF0F}.Debug|x86.ActiveCfg = Debug|Any CPU
		{BC9B1DD2-8FCA-4D03-B74A-7C8EFBA6AF0F}.Debug|x86.Build.0 = Debug|Any CPU
		{BC9B1DD2-8FCA-4D03-B74A-7C8EFBA6AF0F}.Release|Any CPU.ActiveCfg = Release|Any CPU
		{BC9B1DD2-8FCA-4D03-B74A-7C8EFBA6AF0F}.Release|Any CPU.Build.0 = Release|Any CPU
		{BC9B1DD2-8FCA-4D03-B74A-7C8EFBA6AF0F}.Release|x86.ActiveCfg = Release|Any CPU
		{BC9B1DD2-8FCA-4D03-B74A-7C8EFBA6AF0F}.Release|x86.Build.0 = Release|Any CPU
		{CC47762D-8051-4BC9-8493-57FF3237CDE3}.Debug|Any CPU.ActiveCfg = Debug|Any CPU
		{CC47762D-8051-4BC9-8493-57FF3237CDE3}.Debug|Any CPU.Build.0 = Debug|Any CPU
		{CC47762D-8051-4BC9-8493-57FF3237CDE3}.Debug|x86.ActiveCfg = Debug|Any CPU
		{CC47762D-8051-4BC9-8493-57FF3237CDE3}.Debug|x86.Build.0 = Debug|Any CPU
		{CC47762D-8051-4BC9-8493-57FF3237CDE3}.Release|Any CPU.ActiveCfg = Release|Any CPU
		{CC47762D-8051-4BC9-8493-57FF3237CDE3}.Release|Any CPU.Build.0 = Release|Any CPU
		{CC47762D-8051-4BC9-8493-57FF3237CDE3}.Release|x86.ActiveCfg = Release|Any CPU
		{CC47762D-8051-4BC9-8493-57FF3237CDE3}.Release|x86.Build.0 = Release|Any CPU
		{45D9DE29-A5AC-4A4A-A553-DAAC540F7B18}.Debug|Any CPU.ActiveCfg = Debug|Any CPU
		{45D9DE29-A5AC-4A4A-A553-DAAC540F7B18}.Debug|Any CPU.Build.0 = Debug|Any CPU
		{45D9DE29-A5AC-4A4A-A553-DAAC540F7B18}.Debug|x86.ActiveCfg = Debug|Any CPU
		{45D9DE29-A5AC-4A4A-A553-DAAC540F7B18}.Debug|x86.Build.0 = Debug|Any CPU
		{45D9DE29-A5AC-4A4A-A553-DAAC540F7B18}.Release|Any CPU.ActiveCfg = Release|Any CPU
		{45D9DE29-A5AC-4A4A-A553-DAAC540F7B18}.Release|Any CPU.Build.0 = Release|Any CPU
		{45D9DE29-A5AC-4A4A-A553-DAAC540F7B18}.Release|x86.ActiveCfg = Release|Any CPU
		{45D9DE29-A5AC-4A4A-A553-DAAC540F7B18}.Release|x86.Build.0 = Release|Any CPU
		{AF849A09-2061-46B5-A4A2-153B3BF2EB5B}.Debug|Any CPU.ActiveCfg = Debug|x86
		{AF849A09-2061-46B5-A4A2-153B3BF2EB5B}.Debug|x86.ActiveCfg = Debug|x86
		{AF849A09-2061-46B5-A4A2-153B3BF2EB5B}.Debug|x86.Build.0 = Debug|x86
		{AF849A09-2061-46B5-A4A2-153B3BF2EB5B}.Release|Any CPU.ActiveCfg = Release|x86
		{AF849A09-2061-46B5-A4A2-153B3BF2EB5B}.Release|x86.ActiveCfg = Release|x86
		{AF849A09-2061-46B5-A4A2-153B3BF2EB5B}.Release|x86.Build.0 = Release|x86
	EndGlobalSection
	GlobalSection(SolutionProperties) = preSolution
		HideSolutionNode = FALSE
	EndGlobalSection
EndGlobal
